
Microsoft Visual Studio Solution File, Format Version 12.00
# Visual Studio Version 16
VisualStudioVersion = 16.0.30611.23
MinimumVisualStudioVersion = 10.0.40219.1
Project("{9A19103F-16F7-4668-BE54-9A1E7A4F7556}") = "OG.Web", "OG.Web\OG.Web.csproj", "{4FDC79B7-7DEB-4922-A174-9D86FC62EA02}"
EndProject
Project("{9A19103F-16F7-4668-BE54-9A1E7A4F7556}") = "OG.Domain", "OG.Domain\OG.Domain.csproj", "{814FAC8F-D0BF-49EB-B825-24A62CF7BAB0}"
EndProject
Project("{9A19103F-16F7-4668-BE54-9A1E7A4F7556}") = "OG.Services", "OG.Services\OG.Services.csproj", "{7356EEF0-0608-40D1-9093-DE8BDCECEE37}"
EndProject
Project("{FAE04EC0-301F-11D3-BF4B-00C04F79EFBC}") = "OG.API", "OG.API\OG.API.csproj", "{37824866-4248-42B1-A902-93749F1707BF}"
EndProject
Global
	GlobalSection(SolutionConfigurationPlatforms) = preSolution
		Debug|Any CPU = Debug|Any CPU
		Release|Any CPU = Release|Any CPU
	EndGlobalSection
	GlobalSection(ProjectConfigurationPlatforms) = postSolution
		{4FDC79B7-7DEB-4922-A174-9D86FC62EA02}.Debug|Any CPU.ActiveCfg = Debug|Any CPU
		{4FDC79B7-7DEB-4922-A174-9D86FC62EA02}.Debug|Any CPU.Build.0 = Debug|Any CPU
		{4FDC79B7-7DEB-4922-A174-9D86FC62EA02}.Release|Any CPU.ActiveCfg = Release|Any CPU
		{4FDC79B7-7DEB-4922-A174-9D86FC62EA02}.Release|Any CPU.Build.0 = Release|Any CPU
		{814FAC8F-D0BF-49EB-B825-24A62CF7BAB0}.Debug|Any CPU.ActiveCfg = Debug|Any CPU
		{814FAC8F-D0BF-49EB-B825-24A62CF7BAB0}.Debug|Any CPU.Build.0 = Debug|Any CPU
		{814FAC8F-D0BF-49EB-B825-24A62CF7BAB0}.Release|Any CPU.ActiveCfg = Release|Any CPU
		{814FAC8F-D0BF-49EB-B825-24A62CF7BAB0}.Release|Any CPU.Build.0 = Release|Any CPU
		{7356EEF0-0608-40D1-9093-DE8BDCECEE37}.Debug|Any CPU.ActiveCfg = Debug|Any CPU
		{7356EEF0-0608-40D1-9093-DE8BDCECEE37}.Debug|Any CPU.Build.0 = Debug|Any CPU
		{7356EEF0-0608-40D1-9093-DE8BDCECEE37}.Release|Any CPU.ActiveCfg = Release|Any CPU
		{7356EEF0-0608-40D1-9093-DE8BDCECEE37}.Release|Any CPU.Build.0 = Release|Any CPU
		{37824866-4248-42B1-A902-93749F1707BF}.Debug|Any CPU.ActiveCfg = Debug|Any CPU
		{37824866-4248-42B1-A902-93749F1707BF}.Debug|Any CPU.Build.0 = Debug|Any CPU
		{37824866-4248-42B1-A902-93749F1707BF}.Release|Any CPU.ActiveCfg = Release|Any CPU
		{37824866-4248-42B1-A902-93749F1707BF}.Release|Any CPU.Build.0 = Release|Any CPU
	EndGlobalSection
	GlobalSection(SolutionProperties) = preSolution
		HideSolutionNode = FALSE
	EndGlobalSection
	GlobalSection(ExtensibilityGlobals) = postSolution
		SolutionGuid = {A7395CCF-334E-4B37-AA8B-B44B8CEE1B77}
	EndGlobalSection
EndGlobal
